
Microsoft Visual Studio Solution File, Format Version 12.00
# Visual Studio 15
VisualStudioVersion = 15.0.28307.102
MinimumVisualStudioVersion = 10.0.40219.1
Project("{FAE04EC0-301F-11D3-BF4B-00C04F79EFBC}") = "Rood Food.Android", "Rood Food\Rood Food.Android\Rood Food.Android.csproj", "{D08D8C59-1679-48D2-B4EB-6EEA8E3C91D5}"
EndProject
Project("{FAE04EC0-301F-11D3-BF4B-00C04F79EFBC}") = "Rood Food.iOS", "Rood Food\Rood Food.iOS\Rood Food.iOS.csproj", "{9E6DE9D8-985F-4313-9208-25B9D8162F05}"
EndProject
Project("{FAE04EC0-301F-11D3-BF4B-00C04F79EFBC}") = "Rood Food.UWP", "Rood Food\Rood Food.UWP\Rood Food.UWP.csproj", "{3D1DAEA3-10EC-4F9F-8D02-F9B724A833FE}"
EndProject
Project("{FAE04EC0-301F-11D3-BF4B-00C04F79EFBC}") = "Rood Food", "Rood Food\Rood Food\Rood Food.csproj", "{F5956A1B-CC82-4463-98C9-922052569ADA}"
EndProject
Global
	GlobalSection(SolutionConfigurationPlatforms) = preSolution
		Ad-Hoc|Any CPU = Ad-Hoc|Any CPU
		Ad-Hoc|ARM = Ad-Hoc|ARM
		Ad-Hoc|iPhone = Ad-Hoc|iPhone
		Ad-Hoc|iPhoneSimulator = Ad-Hoc|iPhoneSimulator
		Ad-Hoc|x64 = Ad-Hoc|x64
		Ad-Hoc|x86 = Ad-Hoc|x86
		AppStore|Any CPU = AppStore|Any CPU
		AppStore|ARM = AppStore|ARM
		AppStore|iPhone = AppStore|iPhone
		AppStore|iPhoneSimulator = AppStore|iPhoneSimulator
		AppStore|x64 = AppStore|x64
		AppStore|x86 = AppStore|x86
		Debug|Any CPU = Debug|Any CPU
		Debug|ARM = Debug|ARM
		Debug|iPhone = Debug|iPhone
		Debug|iPhoneSimulator = Debug|iPhoneSimulator
		Debug|x64 = Debug|x64
		Debug|x86 = Debug|x86
		Release|Any CPU = Release|Any CPU
		Release|ARM = Release|ARM
		Release|iPhone = Release|iPhone
		Release|iPhoneSimulator = Release|iPhoneSimulator
		Release|x64 = Release|x64
		Release|x86 = Release|x86
	EndGlobalSection
	GlobalSection(ProjectConfigurationPlatforms) = postSolution
		{D08D8C59-1679-48D2-B4EB-6EEA8E3C91D5}.Ad-Hoc|Any CPU.ActiveCfg = Release|Any CPU
		{D08D8C59-1679-48D2-B4EB-6EEA8E3C91D5}.Ad-Hoc|Any CPU.Build.0 = Release|Any CPU
		{D08D8C59-1679-48D2-B4EB-6EEA8E3C91D5}.Ad-Hoc|Any CPU.Deploy.0 = Release|Any CPU
		{D08D8C59-1679-48D2-B4EB-6EEA8E3C91D5}.Ad-Hoc|ARM.ActiveCfg = Release|Any CPU
		{D08D8C59-1679-48D2-B4EB-6EEA8E3C91D5}.Ad-Hoc|ARM.Build.0 = Release|Any CPU
		{D08D8C59-1679-48D2-B4EB-6EEA8E3C91D5}.Ad-Hoc|ARM.Deploy.0 = Release|Any CPU
		{D08D8C59-1679-48D2-B4EB-6EEA8E3C91D5}.Ad-Hoc|iPhone.ActiveCfg = Release|Any CPU
		{D08D8C59-1679-48D2-B4EB-6EEA8E3C91D5}.Ad-Hoc|iPhone.Build.0 = Release|Any CPU
		{D08D8C59-1679-48D2-B4EB-6EEA8E3C91D5}.Ad-Hoc|iPhone.Deploy.0 = Release|Any CPU
		{D08D8C59-1679-48D2-B4EB-6EEA8E3C91D5}.Ad-Hoc|iPhoneSimulator.ActiveCfg = Release|Any CPU
		{D08D8C59-1679-48D2-B4EB-6EEA8E3C91D5}.Ad-Hoc|iPhoneSimulator.Build.0 = Release|Any CPU
		{D08D8C59-1679-48D2-B4EB-6EEA8E3C91D5}.Ad-Hoc|iPhoneSimulator.Deploy.0 = Release|Any CPU
		{D08D8C59-1679-48D2-B4EB-6EEA8E3C91D5}.Ad-Hoc|x64.ActiveCfg = Release|Any CPU
		{D08D8C59-1679-48D2-B4EB-6EEA8E3C91D5}.Ad-Hoc|x64.Build.0 = Release|Any CPU
		{D08D8C59-1679-48D2-B4EB-6EEA8E3C91D5}.Ad-Hoc|x64.Deploy.0 = Release|Any CPU
		{D08D8C59-1679-48D2-B4EB-6EEA8E3C91D5}.Ad-Hoc|x86.ActiveCfg = Release|Any CPU
		{D08D8C59-1679-48D2-B4EB-6EEA8E3C91D5}.Ad-Hoc|x86.Build.0 = Release|Any CPU
		{D08D8C59-1679-48D2-B4EB-6EEA8E3C91D5}.Ad-Hoc|x86.Deploy.0 = Release|Any CPU
		{D08D8C59-1679-48D2-B4EB-6EEA8E3C91D5}.AppStore|Any CPU.ActiveCfg = Release|Any CPU
		{D08D8C59-1679-48D2-B4EB-6EEA8E3C91D5}.AppStore|Any CPU.Build.0 = Release|Any CPU
		{D08D8C59-1679-48D2-B4EB-6EEA8E3C91D5}.AppStore|Any CPU.Deploy.0 = Release|Any CPU
		{D08D8C59-1679-48D2-B4EB-6EEA8E3C91D5}.AppStore|ARM.ActiveCfg = Release|Any CPU
		{D08D8C59-1679-48D2-B4EB-6EEA8E3C91D5}.AppStore|ARM.Build.0 = Release|Any CPU
		{D08D8C59-1679-48D2-B4EB-6EEA8E3C91D5}.AppStore|ARM.Deploy.0 = Release|Any CPU
		{D08D8C59-1679-48D2-B4EB-6EEA8E3C91D5}.AppStore|iPhone.ActiveCfg = Release|Any CPU
		{D08D8C59-1679-48D2-B4EB-6EEA8E3C91D5}.AppStore|iPhone.Build.0 = Release|Any CPU
		{D08D8C59-1679-48D2-B4EB-6EEA8E3C91D5}.AppStore|iPhone.Deploy.0 = Release|Any CPU
		{D08D8C59-1679-48D2-B4EB-6EEA8E3C91D5}.AppStore|iPhoneSimulator.ActiveCfg = Release|Any CPU
		{D08D8C59-1679-48D2-B4EB-6EEA8E3C91D5}.AppStore|iPhoneSimulator.Build.0 = Release|Any CPU
		{D08D8C59-1679-48D2-B4EB-6EEA8E3C91D5}.AppStore|iPhoneSimulator.Deploy.0 = Release|Any CPU
		{D08D8C59-1679-48D2-B4EB-6EEA8E3C91D5}.AppStore|x64.ActiveCfg = Release|Any CPU
		{D08D8C59-1679-48D2-B4EB-6EEA8E3C91D5}.AppStore|x64.Build.0 = Release|Any CPU
		{D08D8C59-1679-48D2-B4EB-6EEA8E3C91D5}.AppStore|x64.Deploy.0 = Release|Any CPU
		{D08D8C59-1679-48D2-B4EB-6EEA8E3C91D5}.AppStore|x86.ActiveCfg = Release|Any CPU
		{D08D8C59-1679-48D2-B4EB-6EEA8E3C91D5}.AppStore|x86.Build.0 = Release|Any CPU
		{D08D8C59-1679-48D2-B4EB-6EEA8E3C91D5}.AppStore|x86.Deploy.0 = Release|Any CPU
		{D08D8C59-1679-48D2-B4EB-6EEA8E3C91D5}.Debug|Any CPU.ActiveCfg = Debug|Any CPU
		{D08D8C59-1679-48D2-B4EB-6EEA8E3C91D5}.Debug|Any CPU.Build.0 = Debug|Any CPU
		{D08D8C59-1679-48D2-B4EB-6EEA8E3C91D5}.Debug|Any CPU.Deploy.0 = Debug|Any CPU
		{D08D8C59-1679-48D2-B4EB-6EEA8E3C91D5}.Debug|ARM.ActiveCfg = Debug|Any CPU
		{D08D8C59-1679-48D2-B4EB-6EEA8E3C91D5}.Debug|ARM.Build.0 = Debug|Any CPU
		{D08D8C59-1679-48D2-B4EB-6EEA8E3C91D5}.Debug|ARM.Deploy.0 = Debug|Any CPU
		{D08D8C59-1679-48D2-B4EB-6EEA8E3C91D5}.Debug|iPhone.ActiveCfg = Debug|Any CPU
		{D08D8C59-1679-48D2-B4EB-6EEA8E3C91D5}.Debug|iPhone.Build.0 = Debug|Any CPU
		{D08D8C59-1679-48D2-B4EB-6EEA8E3C91D5}.Debug|iPhone.Deploy.0 = Debug|Any CPU
		{D08D8C59-1679-48D2-B4EB-6EEA8E3C91D5}.Debug|iPhoneSimulator.ActiveCfg = Debug|Any CPU
		{D08D8C59-1679-48D2-B4EB-6EEA8E3C91D5}.Debug|iPhoneSimulator.Build.0 = Debug|Any CPU
		{D08D8C59-1679-48D2-B4EB-6EEA8E3C91D5}.Debug|iPhoneSimulator.Deploy.0 = Debug|Any CPU
		{D08D8C59-1679-48D2-B4EB-6EEA8E3C91D5}.Debug|x64.ActiveCfg = Debug|Any CPU
		{D08D8C59-1679-48D2-B4EB-6EEA8E3C91D5}.Debug|x64.Build.0 = Debug|Any CPU
		{D08D8C59-1679-48D2-B4EB-6EEA8E3C91D5}.Debug|x64.Deploy.0 = Debug|Any CPU
		{D08D8C59-1679-48D2-B4EB-6EEA8E3C91D5}.Debug|x86.ActiveCfg = Debug|Any CPU
		{D08D8C59-1679-48D2-B4EB-6EEA8E3C91D5}.Debug|x86.Build.0 = Debug|Any CPU
		{D08D8C59-1679-48D2-B4EB-6EEA8E3C91D5}.Debug|x86.Deploy.0 = Debug|Any CPU
		{D08D8C59-1679-48D2-B4EB-6EEA8E3C91D5}.Release|Any CPU.ActiveCfg = Release|Any CPU
		{D08D8C59-1679-48D2-B4EB-6EEA8E3C91D5}.Release|Any CPU.Build.0 = Release|Any CPU
		{D08D8C59-1679-48D2-B4EB-6EEA8E3C91D5}.Release|Any CPU.Deploy.0 = Release|Any CPU
		{D08D8C59-1679-48D2-B4EB-6EEA8E3C91D5}.Release|ARM.ActiveCfg = Release|Any CPU
		{D08D8C59-1679-48D2-B4EB-6EEA8E3C91D5}.Release|ARM.Build.0 = Release|Any CPU
		{D08D8C59-1679-48D2-B4EB-6EEA8E3C91D5}.Release|ARM.Deploy.0 = Release|Any CPU
		{D08D8C59-1679-48D2-B4EB-6EEA8E3C91D5}.Release|iPhone.ActiveCfg = Release|Any CPU
		{D08D8C59-1679-48D2-B4EB-6EEA8E3C91D5}.Release|iPhone.Build.0 = Release|Any CPU
		{D08D8C59-1679-48D2-B4EB-6EEA8E3C91D5}.Release|iPhone.Deploy.0 = Release|Any CPU
		{D08D8C59-1679-48D2-B4EB-6EEA8E3C91D5}.Release|iPhoneSimulator.ActiveCfg = Release|Any CPU
		{D08D8C59-1679-48D2-B4EB-6EEA8E3C91D5}.Release|iPhoneSimulator.Build.0 = Release|Any CPU
		{D08D8C59-1679-48D2-B4EB-6EEA8E3C91D5}.Release|iPhoneSimulator.Deploy.0 = Release|Any CPU
		{D08D8C59-1679-48D2-B4EB-6EEA8E3C91D5}.Release|x64.ActiveCfg = Release|Any CPU
		{D08D8C59-1679-48D2-B4EB-6EEA8E3C91D5}.Release|x64.Build.0 = Release|Any CPU
		{D08D8C59-1679-48D2-B4EB-6EEA8E3C91D5}.Release|x64.Deploy.0 = Release|Any CPU
		{D08D8C59-1679-48D2-B4EB-6EEA8E3C91D5}.Release|x86.ActiveCfg = Release|Any CPU
		{D08D8C59-1679-48D2-B4EB-6EEA8E3C91D5}.Release|x86.Build.0 = Release|Any CPU
		{D08D8C59-1679-48D2-B4EB-6EEA8E3C91D5}.Release|x86.Deploy.0 = Release|Any CPU
		{9E6DE9D8-985F-4313-9208-25B9D8162F05}.Ad-Hoc|Any CPU.ActiveCfg = Ad-Hoc|iPhone
		{9E6DE9D8-985F-4313-9208-25B9D8162F05}.Ad-Hoc|Any CPU.Build.0 = Ad-Hoc|iPhone
		{9E6DE9D8-985F-4313-9208-25B9D8162F05}.Ad-Hoc|Any CPU.Deploy.0 = Ad-Hoc|iPhone
		{9E6DE9D8-985F-4313-9208-25B9D8162F05}.Ad-Hoc|ARM.ActiveCfg = Ad-Hoc|iPhone
		{9E6DE9D8-985F-4313-9208-25B9D8162F05}.Ad-Hoc|ARM.Build.0 = Ad-Hoc|iPhone
		{9E6DE9D8-985F-4313-9208-25B9D8162F05}.Ad-Hoc|ARM.Deploy.0 = Ad-Hoc|iPhone
		{9E6DE9D8-985F-4313-9208-25B9D8162F05}.Ad-Hoc|iPhone.ActiveCfg = Ad-Hoc|iPhone
		{9E6DE9D8-985F-4313-9208-25B9D8162F05}.Ad-Hoc|iPhone.Build.0 = Ad-Hoc|iPhone
		{9E6DE9D8-985F-4313-9208-25B9D8162F05}.Ad-Hoc|iPhone.Deploy.0 = Ad-Hoc|iPhone
		{9E6DE9D8-985F-4313-9208-25B9D8162F05}.Ad-Hoc|iPhoneSimulator.ActiveCfg = Ad-Hoc|iPhoneSimulator
		{9E6DE9D8-985F-4313-9208-25B9D8162F05}.Ad-Hoc|iPhoneSimulator.Build.0 = Ad-Hoc|iPhoneSimulator
		{9E6DE9D8-985F-4313-9208-25B9D8162F05}.Ad-Hoc|iPhoneSimulator.Deploy.0 = Ad-Hoc|iPhoneSimulator
		{9E6DE9D8-985F-4313-9208-25B9D8162F05}.Ad-Hoc|x64.ActiveCfg = Ad-Hoc|iPhone
		{9E6DE9D8-985F-4313-9208-25B9D8162F05}.Ad-Hoc|x64.Build.0 = Ad-Hoc|iPhone
		{9E6DE9D8-985F-4313-9208-25B9D8162F05}.Ad-Hoc|x64.Deploy.0 = Ad-Hoc|iPhone
		{9E6DE9D8-985F-4313-9208-25B9D8162F05}.Ad-Hoc|x86.ActiveCfg = Ad-Hoc|iPhone
		{9E6DE9D8-985F-4313-9208-25B9D8162F05}.Ad-Hoc|x86.Build.0 = Ad-Hoc|iPhone
		{9E6DE9D8-985F-4313-9208-25B9D8162F05}.Ad-Hoc|x86.Deploy.0 = Ad-Hoc|iPhone
		{9E6DE9D8-985F-4313-9208-25B9D8162F05}.AppStore|Any CPU.ActiveCfg = AppStore|iPhone
		{9E6DE9D8-985F-4313-9208-25B9D8162F05}.AppStore|Any CPU.Build.0 = AppStore|iPhone
		{9E6DE9D8-985F-4313-9208-25B9D8162F05}.AppStore|Any CPU.Deploy.0 = AppStore|iPhone
		{9E6DE9D8-985F-4313-9208-25B9D8162F05}.AppStore|ARM.ActiveCfg = AppStore|iPhone
		{9E6DE9D8-985F-4313-9208-25B9D8162F05}.AppStore|ARM.Build.0 = AppStore|iPhone
		{9E6DE9D8-985F-4313-9208-25B9D8162F05}.AppStore|ARM.Deploy.0 = AppStore|iPhone
		{9E6DE9D8-985F-4313-9208-25B9D8162F05}.AppStore|iPhone.ActiveCfg = AppStore|iPhone
		{9E6DE9D8-985F-4313-9208-25B9D8162F05}.AppStore|iPhone.Build.0 = AppStore|iPhone
		{9E6DE9D8-985F-4313-9208-25B9D8162F05}.AppStore|iPhone.Deploy.0 = AppStore|iPhone
		{9E6DE9D8-985F-4313-9208-25B9D8162F05}.AppStore|iPhoneSimulator.ActiveCfg = AppStore|iPhoneSimulator
		{9E6DE9D8-985F-4313-9208-25B9D8162F05}.AppStore|iPhoneSimulator.Build.0 = AppStore|iPhoneSimulator
		{9E6DE9D8-985F-4313-9208-25B9D8162F05}.AppStore|iPhoneSimulator.Deploy.0 = AppStore|iPhoneSimulator
		{9E6DE9D8-985F-4313-9208-25B9D8162F05}.AppStore|x64.ActiveCfg = AppStore|iPhone
		{9E6DE9D8-985F-4313-9208-25B9D8162F05}.AppStore|x64.Build.0 = AppStore|iPhone
		{9E6DE9D8-985F-4313-9208-25B9D8162F05}.AppStore|x64.Deploy.0 = AppStore|iPhone
		{9E6DE9D8-985F-4313-9208-25B9D8162F05}.AppStore|x86.ActiveCfg = AppStore|iPhone
		{9E6DE9D8-985F-4313-9208-25B9D8162F05}.AppStore|x86.Build.0 = AppStore|iPhone
		{9E6DE9D8-985F-4313-9208-25B9D8162F05}.AppStore|x86.Deploy.0 = AppStore|iPhone
		{9E6DE9D8-985F-4313-9208-25B9D8162F05}.Debug|Any CPU.ActiveCfg = Debug|iPhoneSimulator
		{9E6DE9D8-985F-4313-9208-25B9D8162F05}.Debug|Any CPU.Build.0 = Debug|iPhoneSimulator
		{9E6DE9D8-985F-4313-9208-25B9D8162F05}.Debug|Any CPU.Deploy.0 = Debug|iPhoneSimulator
		{9E6DE9D8-985F-4313-9208-25B9D8162F05}.Debug|ARM.ActiveCfg = Debug|iPhone
		{9E6DE9D8-985F-4313-9208-25B9D8162F05}.Debug|ARM.Build.0 = Debug|iPhone
		{9E6DE9D8-985F-4313-9208-25B9D8162F05}.Debug|ARM.Deploy.0 = Debug|iPhone
		{9E6DE9D8-985F-4313-9208-25B9D8162F05}.Debug|iPhone.ActiveCfg = Debug|iPhone
		{9E6DE9D8-985F-4313-9208-25B9D8162F05}.Debug|iPhone.Build.0 = Debug|iPhone
		{9E6DE9D8-985F-4313-9208-25B9D8162F05}.Debug|iPhone.Deploy.0 = Debug|iPhone
		{9E6DE9D8-985F-4313-9208-25B9D8162F05}.Debug|iPhoneSimulator.ActiveCfg = Debug|iPhoneSimulator
		{9E6DE9D8-985F-4313-9208-25B9D8162F05}.Debug|iPhoneSimulator.Build.0 = Debug|iPhoneSimulator
		{9E6DE9D8-985F-4313-9208-25B9D8162F05}.Debug|iPhoneSimulator.Deploy.0 = Debug|iPhoneSimulator
		{9E6DE9D8-985F-4313-9208-25B9D8162F05}.Debug|x64.ActiveCfg = Debug|iPhone
		{9E6DE9D8-985F-4313-9208-25B9D8162F05}.Debug|x64.Build.0 = Debug|iPhone
		{9E6DE9D8-985F-4313-9208-25B9D8162F05}.Debug|x64.Deploy.0 = Debug|iPhone
		{9E6DE9D8-985F-4313-9208-25B9D8162F05}.Debug|x86.ActiveCfg = Debug|iPhone
		{9E6DE9D8-985F-4313-9208-25B9D8162F05}.Debug|x86.Build.0 = Debug|iPhone
		{9E6DE9D8-985F-4313-9208-25B9D8162F05}.Debug|x86.Deploy.0 = Debug|iPhone
		{9E6DE9D8-985F-4313-9208-25B9D8162F05}.Release|Any CPU.ActiveCfg = Release|iPhone
		{9E6DE9D8-985F-4313-9208-25B9D8162F05}.Release|Any CPU.Build.0 = Release|iPhone
		{9E6DE9D8-985F-4313-9208-25B9D8162F05}.Release|Any CPU.Deploy.0 = Release|iPhone
		{9E6DE9D8-985F-4313-9208-25B9D8162F05}.Release|ARM.ActiveCfg = Release|iPhone
		{9E6DE9D8-985F-4313-9208-25B9D8162F05}.Release|ARM.Build.0 = Release|iPhone
		{9E6DE9D8-985F-4313-9208-25B9D8162F05}.Release|ARM.Deploy.0 = Release|iPhone
		{9E6DE9D8-985F-4313-9208-25B9D8162F05}.Release|iPhone.ActiveCfg = Release|iPhone
		{9E6DE9D8-985F-4313-9208-25B9D8162F05}.Release|iPhone.Build.0 = Release|iPhone
		{9E6DE9D8-985F-4313-9208-25B9D8162F05}.Release|iPhone.Deploy.0 = Release|iPhone
		{9E6DE9D8-985F-4313-9208-25B9D8162F05}.Release|iPhoneSimulator.ActiveCfg = Release|iPhoneSimulator
		{9E6DE9D8-985F-4313-9208-25B9D8162F05}.Release|iPhoneSimulator.Build.0 = Release|iPhoneSimulator
		{9E6DE9D8-985F-4313-9208-25B9D8162F05}.Release|iPhoneSimulator.Deploy.0 = Release|iPhoneSimulator
		{9E6DE9D8-985F-4313-9208-25B9D8162F05}.Release|x64.ActiveCfg = Release|iPhone
		{9E6DE9D8-985F-4313-9208-25B9D8162F05}.Release|x64.Build.0 = Release|iPhone
		{9E6DE9D8-985F-4313-9208-25B9D8162F05}.Release|x64.Deploy.0 = Release|iPhone
		{9E6DE9D8-985F-4313-9208-25B9D8162F05}.Release|x86.ActiveCfg = Release|iPhone
		{9E6DE9D8-985F-4313-9208-25B9D8162F05}.Release|x86.Build.0 = Release|iPhone
		{9E6DE9D8-985F-4313-9208-25B9D8162F05}.Release|x86.Deploy.0 = Release|iPhone
		{3D1DAEA3-10EC-4F9F-8D02-F9B724A833FE}.Ad-Hoc|Any CPU.ActiveCfg = Release|x86
		{3D1DAEA3-10EC-4F9F-8D02-F9B724A833FE}.Ad-Hoc|Any CPU.Build.0 = Release|x86
		{3D1DAEA3-10EC-4F9F-8D02-F9B724A833FE}.Ad-Hoc|Any CPU.Deploy.0 = Release|x86
		{3D1DAEA3-10EC-4F9F-8D02-F9B724A833FE}.Ad-Hoc|ARM.ActiveCfg = Release|ARM
		{3D1DAEA3-10EC-4F9F-8D02-F9B724A833FE}.Ad-Hoc|ARM.Build.0 = Release|ARM
		{3D1DAEA3-10EC-4F9F-8D02-F9B724A833FE}.Ad-Hoc|ARM.Deploy.0 = Release|ARM
		{3D1DAEA3-10EC-4F9F-8D02-F9B724A833FE}.Ad-Hoc|iPhone.ActiveCfg = Release|x86
		{3D1DAEA3-10EC-4F9F-8D02-F9B724A833FE}.Ad-Hoc|iPhone.Build.0 = Release|x86
		{3D1DAEA3-10EC-4F9F-8D02-F9B724A833FE}.Ad-Hoc|iPhone.Deploy.0 = Release|x86
		{3D1DAEA3-10EC-4F9F-8D02-F9B724A833FE}.Ad-Hoc|iPhoneSimulator.ActiveCfg = Release|x86
		{3D1DAEA3-10EC-4F9F-8D02-F9B724A833FE}.Ad-Hoc|iPhoneSimulator.Build.0 = Release|x86
		{3D1DAEA3-10EC-4F9F-8D02-F9B724A833FE}.Ad-Hoc|iPhoneSimulator.Deploy.0 = Release|x86
		{3D1DAEA3-10EC-4F9F-8D02-F9B724A833FE}.Ad-Hoc|x64.ActiveCfg = Release|x64
		{3D1DAEA3-10EC-4F9F-8D02-F9B724A833FE}.Ad-Hoc|x64.Build.0 = Release|x64
		{3D1DAEA3-10EC-4F9F-8D02-F9B724A833FE}.Ad-Hoc|x64.Deploy.0 = Release|x64
		{3D1DAEA3-10EC-4F9F-8D02-F9B724A833FE}.Ad-Hoc|x86.ActiveCfg = Release|x86
		{3D1DAEA3-10EC-4F9F-8D02-F9B724A833FE}.Ad-Hoc|x86.Build.0 = Release|x86
		{3D1DAEA3-10EC-4F9F-8D02-F9B724A833FE}.Ad-Hoc|x86.Deploy.0 = Release|x86
		{3D1DAEA3-10EC-4F9F-8D02-F9B724A833FE}.AppStore|Any CPU.ActiveCfg = Release|x86
		{3D1DAEA3-10EC-4F9F-8D02-F9B724A833FE}.AppStore|Any CPU.Build.0 = Release|x86
		{3D1DAEA3-10EC-4F9F-8D02-F9B724A833FE}.AppStore|Any CPU.Deploy.0 = Release|x86
		{3D1DAEA3-10EC-4F9F-8D02-F9B724A833FE}.AppStore|ARM.ActiveCfg = Release|ARM
		{3D1DAEA3-10EC-4F9F-8D02-F9B724A833FE}.AppStore|ARM.Build.0 = Release|ARM
		{3D1DAEA3-10EC-4F9F-8D02-F9B724A833FE}.AppStore|ARM.Deploy.0 = Release|ARM
		{3D1DAEA3-10EC-4F9F-8D02-F9B724A833FE}.AppStore|iPhone.ActiveCfg = Release|x86
		{3D1DAEA3-10EC-4F9F-8D02-F9B724A833FE}.AppStore|iPhone.Build.0 = Release|x86
		{3D1DAEA3-10EC-4F9F-8D02-F9B724A833FE}.AppStore|iPhone.Deploy.0 = Release|x86
		{3D1DAEA3-10EC-4F9F-8D02-F9B724A833FE}.AppStore|iPhoneSimulator.ActiveCfg = Release|x86
		{3D1DAEA3-10EC-4F9F-8D02-F9B724A833FE}.AppStore|iPhoneSimulator.Build.0 = Release|x86
		{3D1DAEA3-10EC-4F9F-8D02-F9B724A833FE}.AppStore|iPhoneSimulator.Deploy.0 = Release|x86
		{3D1DAEA3-10EC-4F9F-8D02-F9B724A833FE}.AppStore|x64.ActiveCfg = Release|x64
		{3D1DAEA3-10EC-4F9F-8D02-F9B724A833FE}.AppStore|x64.Build.0 = Release|x64
		{3D1DAEA3-10EC-4F9F-8D02-F9B724A833FE}.AppStore|x64.Deploy.0 = Release|x64
		{3D1DAEA3-10EC-4F9F-8D02-F9B724A833FE}.AppStore|x86.ActiveCfg = Release|x86
		{3D1DAEA3-10EC-4F9F-8D02-F9B724A833FE}.AppStore|x86.Build.0 = Release|x86
		{3D1DAEA3-10EC-4F9F-8D02-F9B724A833FE}.AppStore|x86.Deploy.0 = Release|x86
		{3D1DAEA3-10EC-4F9F-8D02-F9B724A833FE}.Debug|Any CPU.ActiveCfg = Debug|x86
		{3D1DAEA3-10EC-4F9F-8D02-F9B724A833FE}.Debug|Any CPU.Build.0 = Debug|x86
		{3D1DAEA3-10EC-4F9F-8D02-F9B724A833FE}.Debug|Any CPU.Deploy.0 = Debug|x86
		{3D1DAEA3-10EC-4F9F-8D02-F9B724A833FE}.Debug|ARM.ActiveCfg = Debug|ARM
		{3D1DAEA3-10EC-4F9F-8D02-F9B724A833FE}.Debug|ARM.Build.0 = Debug|ARM
		{3D1DAEA3-10EC-4F9F-8D02-F9B724A833FE}.Debug|ARM.Deploy.0 = Debug|ARM
		{3D1DAEA3-10EC-4F9F-8D02-F9B724A833FE}.Debug|iPhone.ActiveCfg = Debug|x86
		{3D1DAEA3-10EC-4F9F-8D02-F9B724A833FE}.Debug|iPhone.Build.0 = Debug|x86
		{3D1DAEA3-10EC-4F9F-8D02-F9B724A833FE}.Debug|iPhone.Deploy.0 = Debug|x86
		{3D1DAEA3-10EC-4F9F-8D02-F9B724A833FE}.Debug|iPhoneSimulator.ActiveCfg = Debug|x86
		{3D1DAEA3-10EC-4F9F-8D02-F9B724A833FE}.Debug|iPhoneSimulator.Build.0 = Debug|x86
		{3D1DAEA3-10EC-4F9F-8D02-F9B724A833FE}.Debug|iPhoneSimulator.Deploy.0 = Debug|x86
		{3D1DAEA3-10EC-4F9F-8D02-F9B724A833FE}.Debug|x64.ActiveCfg = Debug|x64
		{3D1DAEA3-10EC-4F9F-8D02-F9B724A833FE}.Debug|x64.Build.0 = Debug|x64
		{3D1DAEA3-10EC-4F9F-8D02-F9B724A833FE}.Debug|x64.Deploy.0 = Debug|x64
		{3D1DAEA3-10EC-4F9F-8D02-F9B724A833FE}.Debug|x86.ActiveCfg = Debug|x86
		{3D1DAEA3-10EC-4F9F-8D02-F9B724A833FE}.Debug|x86.Build.0 = Debug|x86
		{3D1DAEA3-10EC-4F9F-8D02-F9B724A833FE}.Debug|x86.Deploy.0 = Debug|x86
		{3D1DAEA3-10EC-4F9F-8D02-F9B724A833FE}.Release|Any CPU.ActiveCfg = Release|x86
		{3D1DAEA3-10EC-4F9F-8D02-F9B724A833FE}.Release|Any CPU.Build.0 = Release|x86
		{3D1DAEA3-10EC-4F9F-8D02-F9B724A833FE}.Release|Any CPU.Deploy.0 = Release|x86
		{3D1DAEA3-10EC-4F9F-8D02-F9B724A833FE}.Release|ARM.ActiveCfg = Release|ARM
		{3D1DAEA3-10EC-4F9F-8D02-F9B724A833FE}.Release|ARM.Build.0 = Release|ARM
		{3D1DAEA3-10EC-4F9F-8D02-F9B724A833FE}.Release|ARM.Deploy.0 = Release|ARM
		{3D1DAEA3-10EC-4F9F-8D02-F9B724A833FE}.Release|iPhone.ActiveCfg = Release|x86
		{3D1DAEA3-10EC-4F9F-8D02-F9B724A833FE}.Release|iPhone.Build.0 = Release|x86
		{3D1DAEA3-10EC-4F9F-8D02-F9B724A833FE}.Release|iPhone.Deploy.0 = Release|x86
		{3D1DAEA3-10EC-4F9F-8D02-F9B724A833FE}.Release|iPhoneSimulator.ActiveCfg = Release|x86
		{3D1DAEA3-10EC-4F9F-8D02-F9B724A833FE}.Release|iPhoneSimulator.Build.0 = Release|x86
		{3D1DAEA3-10EC-4F9F-8D02-F9B724A833FE}.Release|iPhoneSimulator.Deploy.0 = Release|x86
		{3D1DAEA3-10EC-4F9F-8D02-F9B724A833FE}.Release|x64.ActiveCfg = Release|x64
		{3D1DAEA3-10EC-4F9F-8D02-F9B724A833FE}.Release|x64.Build.0 = Release|x64
		{3D1DAEA3-10EC-4F9F-8D02-F9B724A833FE}.Release|x64.Deploy.0 = Release|x64
		{3D1DAEA3-10EC-4F9F-8D02-F9B724A833FE}.Release|x86.ActiveCfg = Release|x86
		{3D1DAEA3-10EC-4F9F-8D02-F9B724A833FE}.Release|x86.Build.0 = Release|x86
		{3D1DAEA3-10EC-4F9F-8D02-F9B724A833FE}.Release|x86.Deploy.0 = Release|x86
		{F5956A1B-CC82-4463-98C9-922052569ADA}.Ad-Hoc|Any CPU.ActiveCfg = Debug|Any CPU
		{F5956A1B-CC82-4463-98C9-922052569ADA}.Ad-Hoc|Any CPU.Build.0 = Debug|Any CPU
		{F5956A1B-CC82-4463-98C9-922052569ADA}.Ad-Hoc|Any CPU.Deploy.0 = Debug|Any CPU
		{F5956A1B-CC82-4463-98C9-922052569ADA}.Ad-Hoc|ARM.ActiveCfg = Debug|Any CPU
		{F5956A1B-CC82-4463-98C9-922052569ADA}.Ad-Hoc|ARM.Build.0 = Debug|Any CPU
		{F5956A1B-CC82-4463-98C9-922052569ADA}.Ad-Hoc|ARM.Deploy.0 = Debug|Any CPU
		{F5956A1B-CC82-4463-98C9-922052569ADA}.Ad-Hoc|iPhone.ActiveCfg = Debug|Any CPU
		{F5956A1B-CC82-4463-98C9-922052569ADA}.Ad-Hoc|iPhone.Build.0 = Debug|Any CPU
		{F5956A1B-CC82-4463-98C9-922052569ADA}.Ad-Hoc|iPhone.Deploy.0 = Debug|Any CPU
		{F5956A1B-CC82-4463-98C9-922052569ADA}.Ad-Hoc|iPhoneSimulator.ActiveCfg = Debug|Any CPU
		{F5956A1B-CC82-4463-98C9-922052569ADA}.Ad-Hoc|iPhoneSimulator.Build.0 = Debug|Any CPU
		{F5956A1B-CC82-4463-98C9-922052569ADA}.Ad-Hoc|iPhoneSimulator.Deploy.0 = Debug|Any CPU
		{F5956A1B-CC82-4463-98C9-922052569ADA}.Ad-Hoc|x64.ActiveCfg = Debug|Any CPU
		{F5956A1B-CC82-4463-98C9-922052569ADA}.Ad-Hoc|x64.Build.0 = Debug|Any CPU
		{F5956A1B-CC82-4463-98C9-922052569ADA}.Ad-Hoc|x64.Deploy.0 = Debug|Any CPU
		{F5956A1B-CC82-4463-98C9-922052569ADA}.Ad-Hoc|x86.ActiveCfg = Debug|Any CPU
		{F5956A1B-CC82-4463-98C9-922052569ADA}.Ad-Hoc|x86.Build.0 = Debug|Any CPU
		{F5956A1B-CC82-4463-98C9-922052569ADA}.Ad-Hoc|x86.Deploy.0 = Debug|Any CPU
		{F5956A1B-CC82-4463-98C9-922052569ADA}.AppStore|Any CPU.ActiveCfg = Debug|Any CPU
		{F5956A1B-CC82-4463-98C9-922052569ADA}.AppStore|Any CPU.Build.0 = Debug|Any CPU
		{F5956A1B-CC82-4463-98C9-922052569ADA}.AppStore|Any CPU.Deploy.0 = Debug|Any CPU
		{F5956A1B-CC82-4463-98C9-922052569ADA}.AppStore|ARM.ActiveCfg = Debug|Any CPU
		{F5956A1B-CC82-4463-98C9-922052569ADA}.AppStore|ARM.Build.0 = Debug|Any CPU
		{F5956A1B-CC82-4463-98C9-922052569ADA}.AppStore|ARM.Deploy.0 = Debug|Any CPU
		{F5956A1B-CC82-4463-98C9-922052569ADA}.AppStore|iPhone.ActiveCfg = Debug|Any CPU
		{F5956A1B-CC82-4463-98C9-922052569ADA}.AppStore|iPhone.Build.0 = Debug|Any CPU
		{F5956A1B-CC82-4463-98C9-922052569ADA}.AppStore|iPhone.Deploy.0 = Debug|Any CPU
		{F5956A1B-CC82-4463-98C9-922052569ADA}.AppStore|iPhoneSimulator.ActiveCfg = Debug|Any CPU
		{F5956A1B-CC82-4463-98C9-922052569ADA}.AppStore|iPhoneSimulator.Build.0 = Debug|Any CPU
		{F5956A1B-CC82-4463-98C9-922052569ADA}.AppStore|iPhoneSimulator.Deploy.0 = Debug|Any CPU
		{F5956A1B-CC82-4463-98C9-922052569ADA}.AppStore|x64.ActiveCfg = Debug|Any CPU
		{F5956A1B-CC82-4463-98C9-922052569ADA}.AppStore|x64.Build.0 = Debug|Any CPU
		{F5956A1B-CC82-4463-98C9-922052569ADA}.AppStore|x64.Deploy.0 = Debug|Any CPU
		{F5956A1B-CC82-4463-98C9-922052569ADA}.AppStore|x86.ActiveCfg = Debug|Any CPU
		{F5956A1B-CC82-4463-98C9-922052569ADA}.AppStore|x86.Build.0 = Debug|Any CPU
		{F5956A1B-CC82-4463-98C9-922052569ADA}.AppStore|x86.Deploy.0 = Debug|Any CPU
		{F5956A1B-CC82-4463-98C9-922052569ADA}.Debug|Any CPU.ActiveCfg = Debug|Any CPU
		{F5956A1B-CC82-4463-98C9-922052569ADA}.Debug|Any CPU.Build.0 = Debug|Any CPU
		{F5956A1B-CC82-4463-98C9-922052569ADA}.Debug|Any CPU.Deploy.0 = Debug|Any CPU
		{F5956A1B-CC82-4463-98C9-922052569ADA}.Debug|ARM.ActiveCfg = Debug|Any CPU
		{F5956A1B-CC82-4463-98C9-922052569ADA}.Debug|ARM.Build.0 = Debug|Any CPU
		{F5956A1B-CC82-4463-98C9-922052569ADA}.Debug|ARM.Deploy.0 = Debug|Any CPU
		{F5956A1B-CC82-4463-98C9-922052569ADA}.Debug|iPhone.ActiveCfg = Debug|Any CPU
		{F5956A1B-CC82-4463-98C9-922052569ADA}.Debug|iPhone.Build.0 = Debug|Any CPU
		{F5956A1B-CC82-4463-98C9-922052569ADA}.Debug|iPhone.Deploy.0 = Debug|Any CPU
		{F5956A1B-CC82-4463-98C9-922052569ADA}.Debug|iPhoneSimulator.ActiveCfg = Debug|Any CPU
		{F5956A1B-CC82-4463-98C9-922052569ADA}.Debug|iPhoneSimulator.Build.0 = Debug|Any CPU
		{F5956A1B-CC82-4463-98C9-922052569ADA}.Debug|iPhoneSimulator.Deploy.0 = Debug|Any CPU
		{F5956A1B-CC82-4463-98C9-922052569ADA}.Debug|x64.ActiveCfg = Debug|Any CPU
		{F5956A1B-CC82-4463-98C9-922052569ADA}.Debug|x64.Build.0 = Debug|Any CPU
		{F5956A1B-CC82-4463-98C9-922052569ADA}.Debug|x64.Deploy.0 = Debug|Any CPU
		{F5956A1B-CC82-4463-98C9-922052569ADA}.Debug|x86.ActiveCfg = Debug|Any CPU
		{F5956A1B-CC82-4463-98C9-922052569ADA}.Debug|x86.Build.0 = Debug|Any CPU
		{F5956A1B-CC82-4463-98C9-922052569ADA}.Debug|x86.Deploy.0 = Debug|Any CPU
		{F5956A1B-CC82-4463-98C9-922052569ADA}.Release|Any CPU.ActiveCfg = Release|Any CPU
		{F5956A1B-CC82-4463-98C9-922052569ADA}.Release|Any CPU.Build.0 = Release|Any CPU
		{F5956A1B-CC82-4463-98C9-922052569ADA}.Release|Any CPU.Deploy.0 = Release|Any CPU
		{F5956A1B-CC82-4463-98C9-922052569ADA}.Release|ARM.ActiveCfg = Release|Any CPU
		{F5956A1B-CC82-4463-98C9-922052569ADA}.Release|ARM.Build.0 = Release|Any CPU
		{F5956A1B-CC82-4463-98C9-922052569ADA}.Release|ARM.Deploy.0 = Release|Any CPU
		{F5956A1B-CC82-4463-98C9-922052569ADA}.Release|iPhone.ActiveCfg = Release|Any CPU
		{F5956A1B-CC82-4463-98C9-922052569ADA}.Release|iPhone.Build.0 = Release|Any CPU
		{F5956A1B-CC82-4463-98C9-922052569ADA}.Release|iPhone.Deploy.0 = Release|Any CPU
		{F5956A1B-CC82-4463-98C9-922052569ADA}.Release|iPhoneSimulator.ActiveCfg = Release|Any CPU
		{F5956A1B-CC82-4463-98C9-922052569ADA}.Release|iPhoneSimulator.Build.0 = Release|Any CPU
		{F5956A1B-CC82-4463-98C9-922052569ADA}.Release|iPhoneSimulator.Deploy.0 = Release|Any CPU
		{F5956A1B-CC82-4463-98C9-922052569ADA}.Release|x64.ActiveCfg = Release|Any CPU
		{F5956A1B-CC82-4463-98C9-922052569ADA}.Release|x64.Build.0 = Release|Any CPU
		{F5956A1B-CC82-4463-98C9-922052569ADA}.Release|x64.Deploy.0 = Release|Any CPU
		{F5956A1B-CC82-4463-98C9-922052569ADA}.Release|x86.ActiveCfg = Release|Any CPU
		{F5956A1B-CC82-4463-98C9-922052569ADA}.Release|x86.Build.0 = Release|Any CPU
		{F5956A1B-CC82-4463-98C9-922052569ADA}.Release|x86.Deploy.0 = Release|Any CPU
	EndGlobalSection
	GlobalSection(SolutionProperties) = preSolution
		HideSolutionNode = FALSE
	EndGlobalSection
	GlobalSection(ExtensibilityGlobals) = postSolution
		SolutionGuid = {105D08F8-00CA-4FC2-90F8-5237EF92A7E8}
	EndGlobalSection
EndGlobal
